
Microsoft Visual Studio Solution File, Format Version 12.00
# Visual Studio Version 16
VisualStudioVersion = 16.0.34601.136
MinimumVisualStudioVersion = 10.0.40219.1
Project("{FAE04EC0-301F-11D3-BF4B-00C04F79EFBC}") = "TP1_GRUPO6", "TP1_GRUPO6\TP1_GRUPO6.csproj", "{3C89040E-9F0B-4A56-81CE-C13A8FACFD49}"
EndProject
Global
	GlobalSection(SolutionConfigurationPlatforms) = preSolution
		Debug|Any CPU = Debug|Any CPU
		Release|Any CPU = Release|Any CPU
	EndGlobalSection
	GlobalSection(ProjectConfigurationPlatforms) = postSolution
		{3C89040E-9F0B-4A56-81CE-C13A8FACFD49}.Debug|Any CPU.ActiveCfg = Debug|Any CPU
		{3C89040E-9F0B-4A56-81CE-C13A8FACFD49}.Debug|Any CPU.Build.0 = Debug|Any CPU
		{3C89040E-9F0B-4A56-81CE-C13A8FACFD49}.Release|Any CPU.ActiveCfg = Release|Any CPU
		{3C89040E-9F0B-4A56-81CE-C13A8FACFD49}.Release|Any CPU.Build.0 = Release|Any CPU
	EndGlobalSection
	GlobalSection(SolutionProperties) = preSolution
		HideSolutionNode = FALSE
	EndGlobalSection
	GlobalSection(ExtensibilityGlobals) = postSolution
		SolutionGuid = {85E385BD-032E-4227-A424-79AE3E777973}
	EndGlobalSection
EndGlobal
